// !$*UTF8*$!
{
	archiveVersion = 1;
	classes = {
	};
	objectVersion = 54;
	objects = {

/* Begin PBXBuildFile section */
		0C80B921A6F3F58F76C31292 /* libPods-StudyLockSpike.a in Frameworks */ = {isa = PBXBuildFile; fileRef = 5DCACB8F33CDC322A6C60F78 /* libPods-StudyLockSpike.a */; };
		0FF045A433BB355C734D6DFB /* ShieldActionExtension.swift in Sources */ = {isa = PBXBuildFile; fileRef = F14464E221ADBD037DECE05D /* ShieldActionExtension.swift */; };
		13B07FBF1A68108700A75B9A /* Images.xcassets in Resources */ = {isa = PBXBuildFile; fileRef = 13B07FB51A68108700A75B9A /* Images.xcassets */; };
		2BAB50C795FF1A35202DE1E9 /* Foundation.framework in Frameworks */ = {isa = PBXBuildFile; fileRef = 1307B40A1CF344469E963D92 /* Foundation.framework */; };
		3684DB34D1BB7BD485B1CEB9 /* Foundation.framework in Frameworks */ = {isa = PBXBuildFile; fileRef = 1307B40A1CF344469E963D92 /* Foundation.framework */; };
		3C42712BED0631090D65B19A /* PrivacyInfo.xcprivacy in Resources */ = {isa = PBXBuildFile; fileRef = 13B07FB81A68108700A75B9A /* PrivacyInfo.xcprivacy */; };
		3DEA06647E1B7655B672CB32 /* ShieldConfigurationExtension.appex in Embed App Extensions */ = {isa = PBXBuildFile; fileRef = E5E1D12E778612CF943F28E5 /* ShieldConfigurationExtension.appex */; };
		4C08AE4119BB14F3B0CD3133 /* ScreenTimeModuleBridge.m in Sources */ = {isa = PBXBuildFile; fileRef = F8DC7E6FF4C2A8824F9EED41 /* ScreenTimeModuleBridge.m */; };
		4C9F1FD731E4968A922126A4 /* ScreenTimeShared.swift in Sources */ = {isa = PBXBuildFile; fileRef = EF2ECA2BC8C5EDC82EB988B7 /* ScreenTimeShared.swift */; };
		4FA3FC9DEE7AABFEDD8113E5 /* Foundation.framework in Frameworks */ = {isa = PBXBuildFile; fileRef = 1307B40A1CF344469E963D92 /* Foundation.framework */; };
		55C1C6C87520D4E6FE1726E4 /* ShieldActionExtension.appex in Embed App Extensions */ = {isa = PBXBuildFile; fileRef = BF222448E17B8EE7360A021E /* ShieldActionExtension.appex */; };
		55F7C3681CCEF004845553A8 /* DeviceActivityMonitorExtension.appex in Embed App Extensions */ = {isa = PBXBuildFile; fileRef = 084627148025C08B08FE68B2 /* DeviceActivityMonitorExtension.appex */; };
		56C429507C9A67CBD9563CA6 /* ScreenTimeShared.swift in Sources */ = {isa = PBXBuildFile; fileRef = EF2ECA2BC8C5EDC82EB988B7 /* ScreenTimeShared.swift */; };
		669CB42B298F75A5F4B73DDA /* DeviceActivityMonitorExtension.swift in Sources */ = {isa = PBXBuildFile; fileRef = 9CE57A2776B8002BC8CDC8D7 /* DeviceActivityMonitorExtension.swift */; };
		761780ED2CA45674006654EE /* AppDelegate.swift in Sources */ = {isa = PBXBuildFile; fileRef = 761780EC2CA45674006654EE /* AppDelegate.swift */; };
		807E7C2567096DE8E34C8D34 /* FamilyActivityPickerView.swift in Sources */ = {isa = PBXBuildFile; fileRef = 1AEE7122EE67FCD6E83D139B /* FamilyActivityPickerView.swift */; };
		81AB9BB82411601600AC10FF /* LaunchScreen.storyboard in Resources */ = {isa = PBXBuildFile; fileRef = 81AB9BB72411601600AC10FF /* LaunchScreen.storyboard */; };
		92D521531BB1708B6618B81B /* ScreenTimeShared.swift in Sources */ = {isa = PBXBuildFile; fileRef = EF2ECA2BC8C5EDC82EB988B7 /* ScreenTimeShared.swift */; };
		948B1E83015CDACBE89755B2 /* FamilyActivityPickerHost.swift in Sources */ = {isa = PBXBuildFile; fileRef = 00E1A2E5CE830C084BFE563A /* FamilyActivityPickerHost.swift */; };
		B53930AE96783FCE52E181CB /* ScreenTimeShared.swift in Sources */ = {isa = PBXBuildFile; fileRef = EF2ECA2BC8C5EDC82EB988B7 /* ScreenTimeShared.swift */; };
		D9881DF9DF178AD8B1E985A6 /* ScreenTimeModule.swift in Sources */ = {isa = PBXBuildFile; fileRef = 566237CB484EEB619D90227D /* ScreenTimeModule.swift */; };
		F064089A2BF6C0B3A6C8E1F1 /* ScreenTimeManager.swift in Sources */ = {isa = PBXBuildFile; fileRef = 5639215469C7647C6ECFE18E /* ScreenTimeManager.swift */; };
		FBA9E9ADB9BA750F423E7ACC /* ShieldConfigurationExtension.swift in Sources */ = {isa = PBXBuildFile; fileRef = F93E830DBC1159E694AA6A72 /* ShieldConfigurationExtension.swift */; };
/* End PBXBuildFile section */

/* Begin PBXContainerItemProxy section */
		84C4F5A56532D1855F8A6BC2 /* PBXContainerItemProxy */ = {
			isa = PBXContainerItemProxy;
			containerPortal = 83CBB9F71A601CBA00E9B192 /* Project object */;
			proxyType = 1;
			remoteGlobalIDString = E408D488D129421BFB891C10;
			remoteInfo = DeviceActivityMonitorExtension;
		};
		DD92B3101D570F541D3E8933 /* PBXContainerItemProxy */ = {
			isa = PBXContainerItemProxy;
			containerPortal = 83CBB9F71A601CBA00E9B192 /* Project object */;
			proxyType = 1;
			remoteGlobalIDString = 9DF4A500AE0290E7E7CD4DEC;
			remoteInfo = ShieldConfigurationExtension;
		};
		FE2C0EB90337E009F9123BC6 /* PBXContainerItemProxy */ = {
			isa = PBXContainerItemProxy;
			containerPortal = 83CBB9F71A601CBA00E9B192 /* Project object */;
			proxyType = 1;
			remoteGlobalIDString = 83D192070EC53191CF383618;
			remoteInfo = ShieldActionExtension;
		};
/* End PBXContainerItemProxy section */

/* Begin PBXCopyFilesBuildPhase section */
		21F5C568AD6E8331E49301F5 /* Embed App Extensions */ = {
			isa = PBXCopyFilesBuildPhase;
			buildActionMask = 2147483647;
			dstPath = "";
			dstSubfolderSpec = 13;
			files = (
				55F7C3681CCEF004845553A8 /* DeviceActivityMonitorExtension.appex in Embed App Extensions */,
				3DEA06647E1B7655B672CB32 /* ShieldConfigurationExtension.appex in Embed App Extensions */,
				55C1C6C87520D4E6FE1726E4 /* ShieldActionExtension.appex in Embed App Extensions */,
			);
			name = "Embed App Extensions";
			runOnlyForDeploymentPostprocessing = 0;
		};
/* End PBXCopyFilesBuildPhase section */

/* Begin PBXFileReference section */
		00AA03EA6C92F44A938138C1 /* StudyLockSpike.entitlements */ = {isa = PBXFileReference; includeInIndex = 1; lastKnownFileType = text.plist.entitlements; name = StudyLockSpike.entitlements; path = StudyLockSpike/StudyLockSpike.entitlements; sourceTree = "<group>"; };
		00E1A2E5CE830C084BFE563A /* FamilyActivityPickerHost.swift */ = {isa = PBXFileReference; includeInIndex = 1; lastKnownFileType = sourcecode.swift; path = FamilyActivityPickerHost.swift; sourceTree = "<group>"; };
		0553790B0E1A667E38CF444D /* Info.plist */ = {isa = PBXFileReference; includeInIndex = 1; lastKnownFileType = text.plist.xml; path = Info.plist; sourceTree = "<group>"; };
		084627148025C08B08FE68B2 /* DeviceActivityMonitorExtension.appex */ = {isa = PBXFileReference; explicitFileType = "wrapper.app-extension"; includeInIndex = 0; path = DeviceActivityMonitorExtension.appex; sourceTree = BUILT_PRODUCTS_DIR; };
		1307B40A1CF344469E963D92 /* Foundation.framework */ = {isa = PBXFileReference; lastKnownFileType = wrapper.framework; name = Foundation.framework; path = Platforms/iPhoneOS.platform/Developer/SDKs/iPhoneOS18.0.sdk/System/Library/Frameworks/Foundation.framework; sourceTree = DEVELOPER_DIR; };
		13B07F961A680F5B00A75B9A /* StudyLockSpike.app */ = {isa = PBXFileReference; explicitFileType = wrapper.application; includeInIndex = 0; path = StudyLockSpike.app; sourceTree = BUILT_PRODUCTS_DIR; };
		13B07FB51A68108700A75B9A /* Images.xcassets */ = {isa = PBXFileReference; lastKnownFileType = folder.assetcatalog; name = Images.xcassets; path = StudyLockSpike/Images.xcassets; sourceTree = "<group>"; };
		13B07FB61A68108700A75B9A /* Info.plist */ = {isa = PBXFileReference; fileEncoding = 4; lastKnownFileType = text.plist.xml; name = Info.plist; path = StudyLockSpike/Info.plist; sourceTree = "<group>"; };
		13B07FB81A68108700A75B9A /* PrivacyInfo.xcprivacy */ = {isa = PBXFileReference; fileEncoding = 4; lastKnownFileType = text.plist.xml; name = PrivacyInfo.xcprivacy; path = StudyLockSpike/PrivacyInfo.xcprivacy; sourceTree = "<group>"; };
		1AEE7122EE67FCD6E83D139B /* FamilyActivityPickerView.swift */ = {isa = PBXFileReference; includeInIndex = 1; lastKnownFileType = sourcecode.swift; path = FamilyActivityPickerView.swift; sourceTree = "<group>"; };
		3B4392A12AC88292D35C810B /* Pods-StudyLockSpike.debug.xcconfig */ = {isa = PBXFileReference; includeInIndex = 1; lastKnownFileType = text.xcconfig; name = "Pods-StudyLockSpike.debug.xcconfig"; path = "Target Support Files/Pods-StudyLockSpike/Pods-StudyLockSpike.debug.xcconfig"; sourceTree = "<group>"; };
		5639215469C7647C6ECFE18E /* ScreenTimeManager.swift */ = {isa = PBXFileReference; includeInIndex = 1; lastKnownFileType = sourcecode.swift; path = ScreenTimeManager.swift; sourceTree = "<group>"; };
		566237CB484EEB619D90227D /* ScreenTimeModule.swift */ = {isa = PBXFileReference; includeInIndex = 1; lastKnownFileType = sourcecode.swift; path = ScreenTimeModule.swift; sourceTree = "<group>"; };
		5709B34CF0A7D63546082F79 /* Pods-StudyLockSpike.release.xcconfig */ = {isa = PBXFileReference; includeInIndex = 1; lastKnownFileType = text.xcconfig; name = "Pods-StudyLockSpike.release.xcconfig"; path = "Target Support Files/Pods-StudyLockSpike/Pods-StudyLockSpike.release.xcconfig"; sourceTree = "<group>"; };
		5DCACB8F33CDC322A6C60F78 /* libPods-StudyLockSpike.a */ = {isa = PBXFileReference; explicitFileType = archive.ar; includeInIndex = 0; path = "libPods-StudyLockSpike.a"; sourceTree = BUILT_PRODUCTS_DIR; };
		761780EC2CA45674006654EE /* AppDelegate.swift */ = {isa = PBXFileReference; lastKnownFileType = sourcecode.swift; name = AppDelegate.swift; path = StudyLockSpike/AppDelegate.swift; sourceTree = "<group>"; };
		81AB9BB72411601600AC10FF /* LaunchScreen.storyboard */ = {isa = PBXFileReference; fileEncoding = 4; lastKnownFileType = file.storyboard; name = LaunchScreen.storyboard; path = StudyLockSpike/LaunchScreen.storyboard; sourceTree = "<group>"; };
		97095471AF89A6872F90AFC3 /* Info.plist */ = {isa = PBXFileReference; includeInIndex = 1; lastKnownFileType = text.plist.xml; path = Info.plist; sourceTree = "<group>"; };
		9CE57A2776B8002BC8CDC8D7 /* DeviceActivityMonitorExtension.swift */ = {isa = PBXFileReference; includeInIndex = 1; lastKnownFileType = sourcecode.swift; path = DeviceActivityMonitorExtension.swift; sourceTree = "<group>"; };
		BA230D2FEBDE2A89962816A0 /* DeviceActivityMonitorExtension.entitlements */ = {isa = PBXFileReference; includeInIndex = 1; lastKnownFileType = text.plist.entitlements; path = DeviceActivityMonitorExtension.entitlements; sourceTree = "<group>"; };
		BF222448E17B8EE7360A021E /* ShieldActionExtension.appex */ = {isa = PBXFileReference; explicitFileType = "wrapper.app-extension"; includeInIndex = 0; path = ShieldActionExtension.appex; sourceTree = BUILT_PRODUCTS_DIR; };
		D62798A56F47C23D3889EBB0 /* ShieldActionExtension.entitlements */ = {isa = PBXFileReference; includeInIndex = 1; lastKnownFileType = text.plist.entitlements; path = ShieldActionExtension.entitlements; sourceTree = "<group>"; };
		E5E1D12E778612CF943F28E5 /* ShieldConfigurationExtension.appex */ = {isa = PBXFileReference; explicitFileType = "wrapper.app-extension"; includeInIndex = 0; path = ShieldConfigurationExtension.appex; sourceTree = BUILT_PRODUCTS_DIR; };
		ED297162215061F000B7C4FE /* JavaScriptCore.framework */ = {isa = PBXFileReference; lastKnownFileType = wrapper.framework; name = JavaScriptCore.framework; path = System/Library/Frameworks/JavaScriptCore.framework; sourceTree = SDKROOT; };
		EF2ECA2BC8C5EDC82EB988B7 /* ScreenTimeShared.swift */ = {isa = PBXFileReference; includeInIndex = 1; lastKnownFileType = sourcecode.swift; path = ScreenTimeShared.swift; sourceTree = "<group>"; };
		F14464E221ADBD037DECE05D /* ShieldActionExtension.swift */ = {isa = PBXFileReference; includeInIndex = 1; lastKnownFileType = sourcecode.swift; path = ShieldActionExtension.swift; sourceTree = "<group>"; };
		F33306FA2351EEF81B1191CE /* ShieldConfigurationExtension.entitlements */ = {isa = PBXFileReference; includeInIndex = 1; lastKnownFileType = text.plist.entitlements; path = ShieldConfigurationExtension.entitlements; sourceTree = "<group>"; };
		F8DC7E6FF4C2A8824F9EED41 /* ScreenTimeModuleBridge.m */ = {isa = PBXFileReference; includeInIndex = 1; lastKnownFileType = sourcecode.c.objc; path = ScreenTimeModuleBridge.m; sourceTree = "<group>"; };
		F93E830DBC1159E694AA6A72 /* ShieldConfigurationExtension.swift */ = {isa = PBXFileReference; includeInIndex = 1; lastKnownFileType = sourcecode.swift; path = ShieldConfigurationExtension.swift; sourceTree = "<group>"; };
		FFEB8A335B031951D81E0C68 /* Info.plist */ = {isa = PBXFileReference; includeInIndex = 1; lastKnownFileType = text.plist.xml; path = Info.plist; sourceTree = "<group>"; };
/* End PBXFileReference section */

/* Begin PBXFrameworksBuildPhase section */
		00EC1BBB81F097F90F1F0D42 /* Frameworks */ = {
			isa = PBXFrameworksBuildPhase;
			buildActionMask = 2147483647;
			files = (
				2BAB50C795FF1A35202DE1E9 /* Foundation.framework in Frameworks */,
			);
			runOnlyForDeploymentPostprocessing = 0;
		};
		13B07F8C1A680F5B00A75B9A /* Frameworks */ = {
			isa = PBXFrameworksBuildPhase;
			buildActionMask = 2147483647;
			files = (
				0C80B921A6F3F58F76C31292 /* libPods-StudyLockSpike.a in Frameworks */,
			);
			runOnlyForDeploymentPostprocessing = 0;
		};
		17A80E113A62A0CBFCB67EDB /* Frameworks */ = {
			isa = PBXFrameworksBuildPhase;
			buildActionMask = 2147483647;
			files = (
				3684DB34D1BB7BD485B1CEB9 /* Foundation.framework in Frameworks */,
			);
			runOnlyForDeploymentPostprocessing = 0;
		};
		8D37ADE5C91C26FAE9AC7BFD /* Frameworks */ = {
			isa = PBXFrameworksBuildPhase;
			buildActionMask = 2147483647;
			files = (
				4FA3FC9DEE7AABFEDD8113E5 /* Foundation.framework in Frameworks */,
			);
			runOnlyForDeploymentPostprocessing = 0;
		};
/* End PBXFrameworksBuildPhase section */

/* Begin PBXGroup section */
		05A61BE7CCFBD4C373DE8D55 /* DeviceActivityMonitorExtension */ = {
			isa = PBXGroup;
			children = (
				9CE57A2776B8002BC8CDC8D7 /* DeviceActivityMonitorExtension.swift */,
				97095471AF89A6872F90AFC3 /* Info.plist */,
				BA230D2FEBDE2A89962816A0 /* DeviceActivityMonitorExtension.entitlements */,
			);
			name = DeviceActivityMonitorExtension;
			path = DeviceActivityMonitorExtension;
			sourceTree = "<group>";
		};
		0D1ABB07675CB256C03073A5 /* iOS */ = {
			isa = PBXGroup;
			children = (
				1307B40A1CF344469E963D92 /* Foundation.framework */,
			);
			name = iOS;
			sourceTree = "<group>";
		};
		13B07FAE1A68108700A75B9A /* StudyLockSpike */ = {
			isa = PBXGroup;
			children = (
				13B07FB51A68108700A75B9A /* Images.xcassets */,
				761780EC2CA45674006654EE /* AppDelegate.swift */,
				13B07FB61A68108700A75B9A /* Info.plist */,
				81AB9BB72411601600AC10FF /* LaunchScreen.storyboard */,
				13B07FB81A68108700A75B9A /* PrivacyInfo.xcprivacy */,
				7C3F364902324CB04B6FBCDD /* ScreenTime */,
				00AA03EA6C92F44A938138C1 /* StudyLockSpike.entitlements */,
			);
			name = StudyLockSpike;
			sourceTree = "<group>";
		};
		2D16E6871FA4F8E400B85C8A /* Frameworks */ = {
			isa = PBXGroup;
			children = (
				ED297162215061F000B7C4FE /* JavaScriptCore.framework */,
				5DCACB8F33CDC322A6C60F78 /* libPods-StudyLockSpike.a */,
				0D1ABB07675CB256C03073A5 /* iOS */,
			);
			name = Frameworks;
			sourceTree = "<group>";
		};
		576C4BF994E5DA13799BC35A /* ShieldConfigurationExtension */ = {
			isa = PBXGroup;
			children = (
				F93E830DBC1159E694AA6A72 /* ShieldConfigurationExtension.swift */,
				0553790B0E1A667E38CF444D /* Info.plist */,
				F33306FA2351EEF81B1191CE /* ShieldConfigurationExtension.entitlements */,
			);
			name = ShieldConfigurationExtension;
			path = ShieldConfigurationExtension;
			sourceTree = "<group>";
		};
		7C3F364902324CB04B6FBCDD /* ScreenTime */ = {
			isa = PBXGroup;
			children = (
				EF2ECA2BC8C5EDC82EB988B7 /* ScreenTimeShared.swift */,
				5639215469C7647C6ECFE18E /* ScreenTimeManager.swift */,
				1AEE7122EE67FCD6E83D139B /* FamilyActivityPickerView.swift */,
				00E1A2E5CE830C084BFE563A /* FamilyActivityPickerHost.swift */,
				566237CB484EEB619D90227D /* ScreenTimeModule.swift */,
				F8DC7E6FF4C2A8824F9EED41 /* ScreenTimeModuleBridge.m */,
			);
			name = ScreenTime;
			path = StudyLockSpike/ScreenTime;
			sourceTree = "<group>";
		};
		832341AE1AAA6A7D00B99B32 /* Libraries */ = {
			isa = PBXGroup;
			children = (
			);
			name = Libraries;
			sourceTree = "<group>";
		};
		83CBB9F61A601CBA00E9B192 = {
			isa = PBXGroup;
			children = (
				13B07FAE1A68108700A75B9A /* StudyLockSpike */,
				832341AE1AAA6A7D00B99B32 /* Libraries */,
				83CBBA001A601CBA00E9B192 /* Products */,
				2D16E6871FA4F8E400B85C8A /* Frameworks */,
				BBD78D7AC51CEA395F1C20DB /* Pods */,
				05A61BE7CCFBD4C373DE8D55 /* DeviceActivityMonitorExtension */,
				576C4BF994E5DA13799BC35A /* ShieldConfigurationExtension */,
				CDA996CB8B1C4536738ABE3B /* ShieldActionExtension */,
			);
			indentWidth = 2;
			sourceTree = "<group>";
			tabWidth = 2;
			usesTabs = 0;
		};
		83CBBA001A601CBA00E9B192 /* Products */ = {
			isa = PBXGroup;
			children = (
				13B07F961A680F5B00A75B9A /* StudyLockSpike.app */,
				084627148025C08B08FE68B2 /* DeviceActivityMonitorExtension.appex */,
				E5E1D12E778612CF943F28E5 /* ShieldConfigurationExtension.appex */,
				BF222448E17B8EE7360A021E /* ShieldActionExtension.appex */,
			);
			name = Products;
			sourceTree = "<group>";
		};
		BBD78D7AC51CEA395F1C20DB /* Pods */ = {
			isa = PBXGroup;
			children = (
				3B4392A12AC88292D35C810B /* Pods-StudyLockSpike.debug.xcconfig */,
				5709B34CF0A7D63546082F79 /* Pods-StudyLockSpike.release.xcconfig */,
			);
			path = Pods;
			sourceTree = "<group>";
		};
		CDA996CB8B1C4536738ABE3B /* ShieldActionExtension */ = {
			isa = PBXGroup;
			children = (
				F14464E221ADBD037DECE05D /* ShieldActionExtension.swift */,
				FFEB8A335B031951D81E0C68 /* Info.plist */,
				D62798A56F47C23D3889EBB0 /* ShieldActionExtension.entitlements */,
			);
			name = ShieldActionExtension;
			path = ShieldActionExtension;
			sourceTree = "<group>";
		};
/* End PBXGroup section */

/* Begin PBXNativeTarget section */
		13B07F861A680F5B00A75B9A /* StudyLockSpike */ = {
			isa = PBXNativeTarget;
			buildConfigurationList = 13B07F931A680F5B00A75B9A /* Build configuration list for PBXNativeTarget "StudyLockSpike" */;
			buildPhases = (
				C38B50BA6285516D6DCD4F65 /* [CP] Check Pods Manifest.lock */,
				13B07F871A680F5B00A75B9A /* Sources */,
				13B07F8C1A680F5B00A75B9A /* Frameworks */,
				13B07F8E1A680F5B00A75B9A /* Resources */,
				00DD1BFF1BD5951E006B06BC /* Bundle React Native code and images */,
				00EEFC60759A1932668264C0 /* [CP] Embed Pods Frameworks */,
				E235C05ADACE081382539298 /* [CP] Copy Pods Resources */,
				21F5C568AD6E8331E49301F5 /* Embed App Extensions */,
			);
			buildRules = (
			);
			dependencies = (
				291A20D3B74DA2259C266C4C /* PBXTargetDependency */,
				C67CFFB4096025EF5A95E820 /* PBXTargetDependency */,
				D7487CED668902EA07463F82 /* PBXTargetDependency */,
			);
			name = StudyLockSpike;
			productName = StudyLockSpike;
			productReference = 13B07F961A680F5B00A75B9A /* StudyLockSpike.app */;
			productType = "com.apple.product-type.application";
		};
		83D192070EC53191CF383618 /* ShieldActionExtension */ = {
			isa = PBXNativeTarget;
			buildConfigurationList = FE6493CA3F95C05849E15734 /* Build configuration list for PBXNativeTarget "ShieldActionExtension" */;
			buildPhases = (
				57AA16524EE1D7280022CC5B /* Sources */,
				00EC1BBB81F097F90F1F0D42 /* Frameworks */,
				AEA17FAB616A0C0493B1B96F /* Resources */,
			);
			buildRules = (
			);
			dependencies = (
			);
			name = ShieldActionExtension;
			productName = ShieldActionExtension;
			productReference = BF222448E17B8EE7360A021E /* ShieldActionExtension.appex */;
			productType = "com.apple.product-type.app-extension";
		};
		9DF4A500AE0290E7E7CD4DEC /* ShieldConfigurationExtension */ = {
			isa = PBXNativeTarget;
			buildConfigurationList = 6F17B880BA1B5FD6F0E5747F /* Build configuration list for PBXNativeTarget "ShieldConfigurationExtension" */;
			buildPhases = (
				E28C5A75BE4B6428E810D447 /* Sources */,
				17A80E113A62A0CBFCB67EDB /* Frameworks */,
				2CA6A98C0FCBA22F19813E92 /* Resources */,
			);
			buildRules = (
			);
			dependencies = (
			);
			name = ShieldConfigurationExtension;
			productName = ShieldConfigurationExtension;
			productReference = E5E1D12E778612CF943F28E5 /* ShieldConfigurationExtension.appex */;
			productType = "com.apple.product-type.app-extension";
		};
		E408D488D129421BFB891C10 /* DeviceActivityMonitorExtension */ = {
			isa = PBXNativeTarget;
			buildConfigurationList = AA4465647D08C1ABB73719AC /* Build configuration list for PBXNativeTarget "DeviceActivityMonitorExtension" */;
			buildPhases = (
				21F9222FB877150DB2E6A7C6 /* Sources */,
				8D37ADE5C91C26FAE9AC7BFD /* Frameworks */,
				B74870E65BC8F08943D89196 /* Resources */,
			);
			buildRules = (
			);
			dependencies = (
			);
			name = DeviceActivityMonitorExtension;
			productName = DeviceActivityMonitorExtension;
			productReference = 084627148025C08B08FE68B2 /* DeviceActivityMonitorExtension.appex */;
			productType = "com.apple.product-type.app-extension";
		};
/* End PBXNativeTarget section */

/* Begin PBXProject section */
		83CBB9F71A601CBA00E9B192 /* Project object */ = {
			isa = PBXProject;
			attributes = {
				LastUpgradeCheck = 1210;
				TargetAttributes = {
					13B07F861A680F5B00A75B9A = {
						LastSwiftMigration = 1120;
						SystemCapabilities = {
							com.apple.ApplicationGroups.iOS = {
								enabled = 1;
							};
							com.apple.FamilyControls = {
								enabled = 1;
							};
						};
					};
					83D192070EC53191CF383618 = {
						SystemCapabilities = {
							com.apple.ApplicationGroups.iOS = {
								enabled = 1;
							};
							com.apple.FamilyControls = {
								enabled = 1;
							};
						};
					};
					9DF4A500AE0290E7E7CD4DEC = {
						SystemCapabilities = {
							com.apple.ApplicationGroups.iOS = {
								enabled = 1;
							};
							com.apple.FamilyControls = {
								enabled = 1;
							};
						};
					};
					E408D488D129421BFB891C10 = {
						SystemCapabilities = {
							com.apple.ApplicationGroups.iOS = {
								enabled = 1;
							};
							com.apple.FamilyControls = {
								enabled = 1;
							};
						};
					};
				};
			};
			buildConfigurationList = 83CBB9FA1A601CBA00E9B192 /* Build configuration list for PBXProject "StudyLockSpike" */;
			compatibilityVersion = "Xcode 12.0";
			developmentRegion = en;
			hasScannedForEncodings = 0;
			knownRegions = (
				en,
				Base,
			);
			mainGroup = 83CBB9F61A601CBA00E9B192;
			productRefGroup = 83CBBA001A601CBA00E9B192 /* Products */;
			projectDirPath = "";
			projectRoot = "";
			targets = (
				13B07F861A680F5B00A75B9A /* StudyLockSpike */,
				E408D488D129421BFB891C10 /* DeviceActivityMonitorExtension */,
				9DF4A500AE0290E7E7CD4DEC /* ShieldConfigurationExtension */,
				83D192070EC53191CF383618 /* ShieldActionExtension */,
			);
		};
/* End PBXProject section */

/* Begin PBXResourcesBuildPhase section */
		13B07F8E1A680F5B00A75B9A /* Resources */ = {
			isa = PBXResourcesBuildPhase;
			buildActionMask = 2147483647;
			files = (
				81AB9BB82411601600AC10FF /* LaunchScreen.storyboard in Resources */,
				13B07FBF1A68108700A75B9A /* Images.xcassets in Resources */,
				3C42712BED0631090D65B19A /* PrivacyInfo.xcprivacy in Resources */,
			);
			runOnlyForDeploymentPostprocessing = 0;
		};
		2CA6A98C0FCBA22F19813E92 /* Resources */ = {
			isa = PBXResourcesBuildPhase;
			buildActionMask = 2147483647;
			files = (
			);
			runOnlyForDeploymentPostprocessing = 0;
		};
		AEA17FAB616A0C0493B1B96F /* Resources */ = {
			isa = PBXResourcesBuildPhase;
			buildActionMask = 2147483647;
			files = (
			);
			runOnlyForDeploymentPostprocessing = 0;
		};
		B74870E65BC8F08943D89196 /* Resources */ = {
			isa = PBXResourcesBuildPhase;
			buildActionMask = 2147483647;
			files = (
			);
			runOnlyForDeploymentPostprocessing = 0;
		};
/* End PBXResourcesBuildPhase section */

/* Begin PBXShellScriptBuildPhase section */
		00DD1BFF1BD5951E006B06BC /* Bundle React Native code and images */ = {
			isa = PBXShellScriptBuildPhase;
			buildActionMask = 2147483647;
			files = (
			);
			inputPaths = (
				"$(SRCROOT)/.xcode.env.local",
				"$(SRCROOT)/.xcode.env",
			);
			name = "Bundle React Native code and images";
			outputPaths = (
			);
			runOnlyForDeploymentPostprocessing = 0;
			shellPath = /bin/sh;
			shellScript = "set -e\n\nWITH_ENVIRONMENT=\"$REACT_NATIVE_PATH/scripts/xcode/with-environment.sh\"\nREACT_NATIVE_XCODE=\"$REACT_NATIVE_PATH/scripts/react-native-xcode.sh\"\n\n/bin/sh -c \"\\\"$WITH_ENVIRONMENT\\\" \\\"$REACT_NATIVE_XCODE\\\"\"\n";
		};
		00EEFC60759A1932668264C0 /* [CP] Embed Pods Frameworks */ = {
			isa = PBXShellScriptBuildPhase;
			buildActionMask = 2147483647;
			files = (
			);
			inputFileListPaths = (
				"${PODS_ROOT}/Target Support Files/Pods-StudyLockSpike/Pods-StudyLockSpike-frameworks-${CONFIGURATION}-input-files.xcfilelist",
			);
			name = "[CP] Embed Pods Frameworks";
			outputFileListPaths = (
				"${PODS_ROOT}/Target Support Files/Pods-StudyLockSpike/Pods-StudyLockSpike-frameworks-${CONFIGURATION}-output-files.xcfilelist",
			);
			runOnlyForDeploymentPostprocessing = 0;
			shellPath = /bin/sh;
			shellScript = "\"${PODS_ROOT}/Target Support Files/Pods-StudyLockSpike/Pods-StudyLockSpike-frameworks.sh\"\n";
			showEnvVarsInLog = 0;
		};
		C38B50BA6285516D6DCD4F65 /* [CP] Check Pods Manifest.lock */ = {
			isa = PBXShellScriptBuildPhase;
			buildActionMask = 2147483647;
			files = (
			);
			inputFileListPaths = (
			);
			inputPaths = (
				"${PODS_PODFILE_DIR_PATH}/Podfile.lock",
				"${PODS_ROOT}/Manifest.lock",
			);
			name = "[CP] Check Pods Manifest.lock";
			outputFileListPaths = (
			);
			outputPaths = (
				"$(DERIVED_FILE_DIR)/Pods-StudyLockSpike-checkManifestLockResult.txt",
			);
			runOnlyForDeploymentPostprocessing = 0;
			shellPath = /bin/sh;
			shellScript = "diff \"${PODS_PODFILE_DIR_PATH}/Podfile.lock\" \"${PODS_ROOT}/Manifest.lock\" > /dev/null\nif [ $? != 0 ] ; then\n    # print error to STDERR\n    echo \"error: The sandbox is not in sync with the Podfile.lock. Run 'pod install' or update your CocoaPods installation.\" >&2\n    exit 1\nfi\n# This output is used by Xcode 'outputs' to avoid re-running this script phase.\necho \"SUCCESS\" > \"${SCRIPT_OUTPUT_FILE_0}\"\n";
			showEnvVarsInLog = 0;
		};
		E235C05ADACE081382539298 /* [CP] Copy Pods Resources */ = {
			isa = PBXShellScriptBuildPhase;
			buildActionMask = 2147483647;
			files = (
			);
			inputFileListPaths = (
				"${PODS_ROOT}/Target Support Files/Pods-StudyLockSpike/Pods-StudyLockSpike-resources-${CONFIGURATION}-input-files.xcfilelist",
			);
			name = "[CP] Copy Pods Resources";
			outputFileListPaths = (
				"${PODS_ROOT}/Target Support Files/Pods-StudyLockSpike/Pods-StudyLockSpike-resources-${CONFIGURATION}-output-files.xcfilelist",
			);
			runOnlyForDeploymentPostprocessing = 0;
			shellPath = /bin/sh;
			shellScript = "\"${PODS_ROOT}/Target Support Files/Pods-StudyLockSpike/Pods-StudyLockSpike-resources.sh\"\n";
			showEnvVarsInLog = 0;
		};
/* End PBXShellScriptBuildPhase section */

/* Begin PBXSourcesBuildPhase section */
		13B07F871A680F5B00A75B9A /* Sources */ = {
			isa = PBXSourcesBuildPhase;
			buildActionMask = 2147483647;
			files = (
				761780ED2CA45674006654EE /* AppDelegate.swift in Sources */,
				B53930AE96783FCE52E181CB /* ScreenTimeShared.swift in Sources */,
				F064089A2BF6C0B3A6C8E1F1 /* ScreenTimeManager.swift in Sources */,
				807E7C2567096DE8E34C8D34 /* FamilyActivityPickerView.swift in Sources */,
				948B1E83015CDACBE89755B2 /* FamilyActivityPickerHost.swift in Sources */,
				D9881DF9DF178AD8B1E985A6 /* ScreenTimeModule.swift in Sources */,
				4C08AE4119BB14F3B0CD3133 /* ScreenTimeModuleBridge.m in Sources */,
			);
			runOnlyForDeploymentPostprocessing = 0;
		};
		21F9222FB877150DB2E6A7C6 /* Sources */ = {
			isa = PBXSourcesBuildPhase;
			buildActionMask = 2147483647;
			files = (
				669CB42B298F75A5F4B73DDA /* DeviceActivityMonitorExtension.swift in Sources */,
				92D521531BB1708B6618B81B /* ScreenTimeShared.swift in Sources */,
			);
			runOnlyForDeploymentPostprocessing = 0;
		};
		57AA16524EE1D7280022CC5B /* Sources */ = {
			isa = PBXSourcesBuildPhase;
			buildActionMask = 2147483647;
			files = (
				0FF045A433BB355C734D6DFB /* ShieldActionExtension.swift in Sources */,
				56C429507C9A67CBD9563CA6 /* ScreenTimeShared.swift in Sources */,
			);
			runOnlyForDeploymentPostprocessing = 0;
		};
		E28C5A75BE4B6428E810D447 /* Sources */ = {
			isa = PBXSourcesBuildPhase;
			buildActionMask = 2147483647;
			files = (
				FBA9E9ADB9BA750F423E7ACC /* ShieldConfigurationExtension.swift in Sources */,
				4C9F1FD731E4968A922126A4 /* ScreenTimeShared.swift in Sources */,
			);
			runOnlyForDeploymentPostprocessing = 0;
		};
/* End PBXSourcesBuildPhase section */

/* Begin PBXTargetDependency section */
		291A20D3B74DA2259C266C4C /* PBXTargetDependency */ = {
			isa = PBXTargetDependency;
			name = DeviceActivityMonitorExtension;
			target = E408D488D129421BFB891C10 /* DeviceActivityMonitorExtension */;
			targetProxy = 84C4F5A56532D1855F8A6BC2 /* PBXContainerItemProxy */;
		};
		C67CFFB4096025EF5A95E820 /* PBXTargetDependency */ = {
			isa = PBXTargetDependency;
			name = ShieldConfigurationExtension;
			target = 9DF4A500AE0290E7E7CD4DEC /* ShieldConfigurationExtension */;
			targetProxy = DD92B3101D570F541D3E8933 /* PBXContainerItemProxy */;
		};
		D7487CED668902EA07463F82 /* PBXTargetDependency */ = {
			isa = PBXTargetDependency;
			name = ShieldActionExtension;
			target = 83D192070EC53191CF383618 /* ShieldActionExtension */;
			targetProxy = FE2C0EB90337E009F9123BC6 /* PBXContainerItemProxy */;
		};
/* End PBXTargetDependency section */

/* Begin XCBuildConfiguration section */
		13B07F941A680F5B00A75B9A /* Debug */ = {
			isa = XCBuildConfiguration;
			baseConfigurationReference = 3B4392A12AC88292D35C810B /* Pods-StudyLockSpike.debug.xcconfig */;
			buildSettings = {
				ASSETCATALOG_COMPILER_APPICON_NAME = AppIcon;
				CLANG_ENABLE_MODULES = YES;
				CODE_SIGN_ENTITLEMENTS = StudyLockSpike/StudyLockSpike.entitlements;
				CODE_SIGN_STYLE = Automatic;
				DEVELOPMENT_TEAM = JR3QAG9C64;
				CURRENT_PROJECT_VERSION = 1;
				ENABLE_BITCODE = NO;
				INFOPLIST_FILE = StudyLockSpike/Info.plist;
				IPHONEOS_DEPLOYMENT_TARGET = 16.0;
				LD_RUNPATH_SEARCH_PATHS = (
					"$(inherited)",
					"@executable_path/Frameworks",
				);
				MARKETING_VERSION = 1.0;
				OTHER_LDFLAGS = (
					"$(inherited)",
					"-ObjC",
					"-lc++",
				);
				PRODUCT_BUNDLE_IDENTIFIER = com.hjrktng.studylockspike;
				PRODUCT_NAME = StudyLockSpike;
				SUPPORTED_PLATFORMS = "iphoneos iphonesimulator";
				SWIFT_OPTIMIZATION_LEVEL = "-Onone";
				SWIFT_VERSION = 5.0;
				TARGETED_DEVICE_FAMILY = "1,2";
				VERSIONING_SYSTEM = "apple-generic";
			};
			name = Debug;
		};
		13B07F951A680F5B00A75B9A /* Release */ = {
			isa = XCBuildConfiguration;
			baseConfigurationReference = 5709B34CF0A7D63546082F79 /* Pods-StudyLockSpike.release.xcconfig */;
			buildSettings = {
				ASSETCATALOG_COMPILER_APPICON_NAME = AppIcon;
				CLANG_ENABLE_MODULES = YES;
				CODE_SIGN_ENTITLEMENTS = StudyLockSpike/StudyLockSpike.entitlements;
				CODE_SIGN_STYLE = Automatic;
				DEVELOPMENT_TEAM = JR3QAG9C64;
				CURRENT_PROJECT_VERSION = 1;
				INFOPLIST_FILE = StudyLockSpike/Info.plist;
				IPHONEOS_DEPLOYMENT_TARGET = 16.0;
				LD_RUNPATH_SEARCH_PATHS = (
					"$(inherited)",
					"@executable_path/Frameworks",
				);
				MARKETING_VERSION = 1.0;
				OTHER_LDFLAGS = (
					"$(inherited)",
					"-ObjC",
					"-lc++",
				);
				PRODUCT_BUNDLE_IDENTIFIER = com.hjrktng.studylockspike;
				PRODUCT_NAME = StudyLockSpike;
				SUPPORTED_PLATFORMS = "iphoneos iphonesimulator";
				SWIFT_VERSION = 5.0;
				TARGETED_DEVICE_FAMILY = "1,2";
				VERSIONING_SYSTEM = "apple-generic";
			};
			name = Release;
		};
		4BFDF3D433F9713C9B65CB7E /* Release */ = {
			isa = XCBuildConfiguration;
			buildSettings = {
				APPLICATION_EXTENSION_API_ONLY = YES;
				CLANG_ENABLE_OBJC_WEAK = NO;
				CODE_SIGN_ENTITLEMENTS = DeviceActivityMonitorExtension/DeviceActivityMonitorExtension.entitlements;
				CODE_SIGN_STYLE = Automatic;
				DEVELOPMENT_TEAM = JR3QAG9C64;
				CURRENT_PROJECT_VERSION = 1;
				DEFINES_MODULE = YES;
				GENERATE_INFOPLIST_FILE = NO;
				INFOPLIST_FILE = DeviceActivityMonitorExtension/Info.plist;
				IPHONEOS_DEPLOYMENT_TARGET = 16.0;
				LD_RUNPATH_SEARCH_PATHS = (
					"$(inherited)",
					"@executable_path/Frameworks",
					"@executable_path/../../Frameworks",
				);
				MARKETING_VERSION = 1.0;
				PRODUCT_BUNDLE_IDENTIFIER = com.hjrktng.studylockspike.DeviceActivityMonitorExtension;
				PRODUCT_NAME = DeviceActivityMonitorExtension;
				SDKROOT = iphoneos;
				SKIP_INSTALL = YES;
				SWIFT_VERSION = 5.0;
				TARGETED_DEVICE_FAMILY = 1;
				VALIDATE_PRODUCT = YES;
			};
			name = Release;
		};
		6C8972B773352BA7F809EED3 /* Debug */ = {
			isa = XCBuildConfiguration;
			buildSettings = {
				APPLICATION_EXTENSION_API_ONLY = YES;
				CLANG_ENABLE_OBJC_WEAK = NO;
				CODE_SIGN_ENTITLEMENTS = ShieldActionExtension/ShieldActionExtension.entitlements;
				CODE_SIGN_STYLE = Automatic;
				DEVELOPMENT_TEAM = JR3QAG9C64;
				CURRENT_PROJECT_VERSION = 1;
				DEFINES_MODULE = YES;
				GENERATE_INFOPLIST_FILE = NO;
				INFOPLIST_FILE = ShieldActionExtension/Info.plist;
				IPHONEOS_DEPLOYMENT_TARGET = 16.0;
				LD_RUNPATH_SEARCH_PATHS = (
					"$(inherited)",
					"@executable_path/Frameworks",
					"@executable_path/../../Frameworks",
				);
				MARKETING_VERSION = 1.0;
				PRODUCT_BUNDLE_IDENTIFIER = com.hjrktng.studylockspike.ShieldActionExtension;
				PRODUCT_NAME = ShieldActionExtension;
				SDKROOT = iphoneos;
				SKIP_INSTALL = YES;
				SWIFT_VERSION = 5.0;
				TARGETED_DEVICE_FAMILY = 1;
			};
			name = Debug;
		};
		83CBBA201A601CBA00E9B192 /* Debug */ = {
			isa = XCBuildConfiguration;
			buildSettings = {
				ALWAYS_SEARCH_USER_PATHS = NO;
				CLANG_ANALYZER_LOCALIZABILITY_NONLOCALIZED = YES;
				CLANG_CXX_LANGUAGE_STANDARD = "c++20";
				CLANG_CXX_LIBRARY = "libc++";
				CLANG_ENABLE_MODULES = YES;
				CLANG_ENABLE_OBJC_ARC = YES;
				CLANG_WARN_BLOCK_CAPTURE_AUTORELEASING = YES;
				CLANG_WARN_BOOL_CONVERSION = YES;
				CLANG_WARN_COMMA = YES;
				CLANG_WARN_CONSTANT_CONVERSION = YES;
				CLANG_WARN_DEPRECATED_OBJC_IMPLEMENTATIONS = YES;
				CLANG_WARN_DIRECT_OBJC_ISA_USAGE = YES_ERROR;
				CLANG_WARN_EMPTY_BODY = YES;
				CLANG_WARN_ENUM_CONVERSION = YES;
				CLANG_WARN_INFINITE_RECURSION = YES;
				CLANG_WARN_INT_CONVERSION = YES;
				CLANG_WARN_NON_LITERAL_NULL_CONVERSION = YES;
				CLANG_WARN_OBJC_IMPLICIT_RETAIN_SELF = YES;
				CLANG_WARN_OBJC_LITERAL_CONVERSION = YES;
				CLANG_WARN_OBJC_ROOT_CLASS = YES_ERROR;
				CLANG_WARN_QUOTED_INCLUDE_IN_FRAMEWORK_HEADER = YES;
				CLANG_WARN_RANGE_LOOP_ANALYSIS = YES;
				CLANG_WARN_STRICT_PROTOTYPES = YES;
				CLANG_WARN_SUSPICIOUS_MOVE = YES;
				CLANG_WARN_UNREACHABLE_CODE = YES;
				CLANG_WARN__DUPLICATE_METHOD_MATCH = YES;
				"CODE_SIGN_IDENTITY[sdk=iphoneos*]" = "iPhone Developer";
				COPY_PHASE_STRIP = NO;
				ENABLE_STRICT_OBJC_MSGSEND = YES;
				ENABLE_TESTABILITY = YES;
				"EXCLUDED_ARCHS[sdk=iphonesimulator*]" = "";
				GCC_C_LANGUAGE_STANDARD = gnu99;
				GCC_DYNAMIC_NO_PIC = NO;
				GCC_NO_COMMON_BLOCKS = YES;
				GCC_OPTIMIZATION_LEVEL = 0;
				GCC_PREPROCESSOR_DEFINITIONS = (
					"DEBUG=1",
					"$(inherited)",
				);
				GCC_SYMBOLS_PRIVATE_EXTERN = NO;
				GCC_WARN_64_TO_32_BIT_CONVERSION = YES;
				GCC_WARN_ABOUT_RETURN_TYPE = YES_ERROR;
				GCC_WARN_UNDECLARED_SELECTOR = YES;
				GCC_WARN_UNINITIALIZED_AUTOS = YES_AGGRESSIVE;
				GCC_WARN_UNUSED_FUNCTION = YES;
				GCC_WARN_UNUSED_VARIABLE = YES;
				IPHONEOS_DEPLOYMENT_TARGET = 16.0;
				LD_RUNPATH_SEARCH_PATHS = (
					/usr/lib/swift,
					"$(inherited)",
				);
				LIBRARY_SEARCH_PATHS = (
					"\"$(SDKROOT)/usr/lib/swift\"",
					"\"$(TOOLCHAIN_DIR)/usr/lib/swift/$(PLATFORM_NAME)\"",
					"\"$(inherited)\"",
				);
				MTL_ENABLE_DEBUG_INFO = YES;
				ONLY_ACTIVE_ARCH = YES;
				OTHER_CFLAGS = (
					"$(inherited)",
					"-DRCT_REMOVE_LEGACY_ARCH=1",
				);
				OTHER_CPLUSPLUSFLAGS = (
					"$(OTHER_CFLAGS)",
					"-DFOLLY_NO_CONFIG",
					"-DFOLLY_MOBILE=1",
					"-DFOLLY_USE_LIBCPP=1",
					"-DFOLLY_CFG_NO_COROUTINES=1",
					"-DFOLLY_HAVE_CLOCK_GETTIME=1",
					"-DRCT_REMOVE_LEGACY_ARCH=1",
				);
				REACT_NATIVE_PATH = "${PODS_ROOT}/../../node_modules/react-native";
				SDKROOT = iphoneos;
				SWIFT_ACTIVE_COMPILATION_CONDITIONS = "$(inherited) DEBUG";
				USE_HERMES = true;
			};
			name = Debug;
		};
		83CBBA211A601CBA00E9B192 /* Release */ = {
			isa = XCBuildConfiguration;
			buildSettings = {
				ALWAYS_SEARCH_USER_PATHS = NO;
				CLANG_ANALYZER_LOCALIZABILITY_NONLOCALIZED = YES;
				CLANG_CXX_LANGUAGE_STANDARD = "c++20";
				CLANG_CXX_LIBRARY = "libc++";
				CLANG_ENABLE_MODULES = YES;
				CLANG_ENABLE_OBJC_ARC = YES;
				CLANG_WARN_BLOCK_CAPTURE_AUTORELEASING = YES;
				CLANG_WARN_BOOL_CONVERSION = YES;
				CLANG_WARN_COMMA = YES;
				CLANG_WARN_CONSTANT_CONVERSION = YES;
				CLANG_WARN_DEPRECATED_OBJC_IMPLEMENTATIONS = YES;
				CLANG_WARN_DIRECT_OBJC_ISA_USAGE = YES_ERROR;
				CLANG_WARN_EMPTY_BODY = YES;
				CLANG_WARN_ENUM_CONVERSION = YES;
				CLANG_WARN_INFINITE_RECURSION = YES;
				CLANG_WARN_INT_CONVERSION = YES;
				CLANG_WARN_NON_LITERAL_NULL_CONVERSION = YES;
				CLANG_WARN_OBJC_IMPLICIT_RETAIN_SELF = YES;
				CLANG_WARN_OBJC_LITERAL_CONVERSION = YES;
				CLANG_WARN_OBJC_ROOT_CLASS = YES_ERROR;
				CLANG_WARN_QUOTED_INCLUDE_IN_FRAMEWORK_HEADER = YES;
				CLANG_WARN_RANGE_LOOP_ANALYSIS = YES;
				CLANG_WARN_STRICT_PROTOTYPES = YES;
				CLANG_WARN_SUSPICIOUS_MOVE = YES;
				CLANG_WARN_UNREACHABLE_CODE = YES;
				CLANG_WARN__DUPLICATE_METHOD_MATCH = YES;
				"CODE_SIGN_IDENTITY[sdk=iphoneos*]" = "iPhone Developer";
				COPY_PHASE_STRIP = YES;
				ENABLE_NS_ASSERTIONS = NO;
				ENABLE_STRICT_OBJC_MSGSEND = YES;
				"EXCLUDED_ARCHS[sdk=iphonesimulator*]" = "";
				GCC_C_LANGUAGE_STANDARD = gnu99;
				GCC_NO_COMMON_BLOCKS = YES;
				GCC_WARN_64_TO_32_BIT_CONVERSION = YES;
				GCC_WARN_ABOUT_RETURN_TYPE = YES_ERROR;
				GCC_WARN_UNDECLARED_SELECTOR = YES;
				GCC_WARN_UNINITIALIZED_AUTOS = YES_AGGRESSIVE;
				GCC_WARN_UNUSED_FUNCTION = YES;
				GCC_WARN_UNUSED_VARIABLE = YES;
				IPHONEOS_DEPLOYMENT_TARGET = 16.0;
				LD_RUNPATH_SEARCH_PATHS = (
					/usr/lib/swift,
					"$(inherited)",
				);
				LIBRARY_SEARCH_PATHS = (
					"\"$(SDKROOT)/usr/lib/swift\"",
					"\"$(TOOLCHAIN_DIR)/usr/lib/swift/$(PLATFORM_NAME)\"",
					"\"$(inherited)\"",
				);
				MTL_ENABLE_DEBUG_INFO = NO;
				OTHER_CFLAGS = (
					"$(inherited)",
					"-DRCT_REMOVE_LEGACY_ARCH=1",
				);
				OTHER_CPLUSPLUSFLAGS = (
					"$(OTHER_CFLAGS)",
					"-DFOLLY_NO_CONFIG",
					"-DFOLLY_MOBILE=1",
					"-DFOLLY_USE_LIBCPP=1",
					"-DFOLLY_CFG_NO_COROUTINES=1",
					"-DFOLLY_HAVE_CLOCK_GETTIME=1",
					"-DRCT_REMOVE_LEGACY_ARCH=1",
				);
				REACT_NATIVE_PATH = "${PODS_ROOT}/../../node_modules/react-native";
				SDKROOT = iphoneos;
				USE_HERMES = true;
				VALIDATE_PRODUCT = YES;
			};
			name = Release;
		};
		88640EC1D26D470FF470F360 /* Debug */ = {
			isa = XCBuildConfiguration;
			buildSettings = {
				APPLICATION_EXTENSION_API_ONLY = YES;
				CLANG_ENABLE_OBJC_WEAK = NO;
				CODE_SIGN_ENTITLEMENTS = ShieldConfigurationExtension/ShieldConfigurationExtension.entitlements;
				CODE_SIGN_STYLE = Automatic;
				DEVELOPMENT_TEAM = JR3QAG9C64;
				CURRENT_PROJECT_VERSION = 1;
				DEFINES_MODULE = YES;
				GENERATE_INFOPLIST_FILE = NO;
				INFOPLIST_FILE = ShieldConfigurationExtension/Info.plist;
				IPHONEOS_DEPLOYMENT_TARGET = 16.0;
				LD_RUNPATH_SEARCH_PATHS = (
					"$(inherited)",
					"@executable_path/Frameworks",
					"@executable_path/../../Frameworks",
				);
				MARKETING_VERSION = 1.0;
				PRODUCT_BUNDLE_IDENTIFIER = com.hjrktng.studylockspike.ShieldConfigurationExtension;
				PRODUCT_NAME = ShieldConfigurationExtension;
				SDKROOT = iphoneos;
				SKIP_INSTALL = YES;
				SWIFT_VERSION = 5.0;
				TARGETED_DEVICE_FAMILY = 1;
			};
			name = Debug;
		};
		B3BA059B2092434687942CE3 /* Debug */ = {
			isa = XCBuildConfiguration;
			buildSettings = {
				APPLICATION_EXTENSION_API_ONLY = YES;
				CLANG_ENABLE_OBJC_WEAK = NO;
				CODE_SIGN_ENTITLEMENTS = DeviceActivityMonitorExtension/DeviceActivityMonitorExtension.entitlements;
				CODE_SIGN_STYLE = Automatic;
				DEVELOPMENT_TEAM = JR3QAG9C64;
				CURRENT_PROJECT_VERSION = 1;
				DEFINES_MODULE = YES;
				GENERATE_INFOPLIST_FILE = NO;
				INFOPLIST_FILE = DeviceActivityMonitorExtension/Info.plist;
				IPHONEOS_DEPLOYMENT_TARGET = 16.0;
				LD_RUNPATH_SEARCH_PATHS = (
					"$(inherited)",
					"@executable_path/Frameworks",
					"@executable_path/../../Frameworks",
				);
				MARKETING_VERSION = 1.0;
				PRODUCT_BUNDLE_IDENTIFIER = com.hjrktng.studylockspike.DeviceActivityMonitorExtension;
				PRODUCT_NAME = DeviceActivityMonitorExtension;
				SDKROOT = iphoneos;
				SKIP_INSTALL = YES;
				SWIFT_VERSION = 5.0;
				TARGETED_DEVICE_FAMILY = 1;
			};
			name = Debug;
		};
		B3C5B32B391C5C8C009AF6E7 /* Release */ = {
			isa = XCBuildConfiguration;
			buildSettings = {
				APPLICATION_EXTENSION_API_ONLY = YES;
				CLANG_ENABLE_OBJC_WEAK = NO;
				CODE_SIGN_ENTITLEMENTS = ShieldConfigurationExtension/ShieldConfigurationExtension.entitlements;
				CODE_SIGN_STYLE = Automatic;
				DEVELOPMENT_TEAM = JR3QAG9C64;
				CURRENT_PROJECT_VERSION = 1;
				DEFINES_MODULE = YES;
				GENERATE_INFOPLIST_FILE = NO;
				INFOPLIST_FILE = ShieldConfigurationExtension/Info.plist;
				IPHONEOS_DEPLOYMENT_TARGET = 16.0;
				LD_RUNPATH_SEARCH_PATHS = (
					"$(inherited)",
					"@executable_path/Frameworks",
					"@executable_path/../../Frameworks",
				);
				MARKETING_VERSION = 1.0;
				PRODUCT_BUNDLE_IDENTIFIER = com.hjrktng.studylockspike.ShieldConfigurationExtension;
				PRODUCT_NAME = ShieldConfigurationExtension;
				SDKROOT = iphoneos;
				SKIP_INSTALL = YES;
				SWIFT_VERSION = 5.0;
				TARGETED_DEVICE_FAMILY = 1;
				VALIDATE_PRODUCT = YES;
			};
			name = Release;
		};
		EB24C04F31FDC6890514CDB2 /* Release */ = {
			isa = XCBuildConfiguration;
			buildSettings = {
				APPLICATION_EXTENSION_API_ONLY = YES;
				CLANG_ENABLE_OBJC_WEAK = NO;
				CODE_SIGN_ENTITLEMENTS = ShieldActionExtension/ShieldActionExtension.entitlements;
				CODE_SIGN_STYLE = Automatic;
				DEVELOPMENT_TEAM = JR3QAG9C64;
				CURRENT_PROJECT_VERSION = 1;
				DEFINES_MODULE = YES;
				GENERATE_INFOPLIST_FILE = NO;
				INFOPLIST_FILE = ShieldActionExtension/Info.plist;
				IPHONEOS_DEPLOYMENT_TARGET = 16.0;
				LD_RUNPATH_SEARCH_PATHS = (
					"$(inherited)",
					"@executable_path/Frameworks",
					"@executable_path/../../Frameworks",
				);
				MARKETING_VERSION = 1.0;
				PRODUCT_BUNDLE_IDENTIFIER = com.hjrktng.studylockspike.ShieldActionExtension;
				PRODUCT_NAME = ShieldActionExtension;
				SDKROOT = iphoneos;
				SKIP_INSTALL = YES;
				SWIFT_VERSION = 5.0;
				TARGETED_DEVICE_FAMILY = 1;
				VALIDATE_PRODUCT = YES;
			};
			name = Release;
		};
/* End XCBuildConfiguration section */

/* Begin XCConfigurationList section */
		13B07F931A680F5B00A75B9A /* Build configuration list for PBXNativeTarget "StudyLockSpike" */ = {
			isa = XCConfigurationList;
			buildConfigurations = (
				13B07F941A680F5B00A75B9A /* Debug */,
				13B07F951A680F5B00A75B9A /* Release */,
			);
			defaultConfigurationIsVisible = 0;
			defaultConfigurationName = Release;
		};
		6F17B880BA1B5FD6F0E5747F /* Build configuration list for PBXNativeTarget "ShieldConfigurationExtension" */ = {
			isa = XCConfigurationList;
			buildConfigurations = (
				B3C5B32B391C5C8C009AF6E7 /* Release */,
				88640EC1D26D470FF470F360 /* Debug */,
			);
			defaultConfigurationIsVisible = 0;
			defaultConfigurationName = Release;
		};
		83CBB9FA1A601CBA00E9B192 /* Build configuration list for PBXProject "StudyLockSpike" */ = {
			isa = XCConfigurationList;
			buildConfigurations = (
				83CBBA201A601CBA00E9B192 /* Debug */,
				83CBBA211A601CBA00E9B192 /* Release */,
			);
			defaultConfigurationIsVisible = 0;
			defaultConfigurationName = Release;
		};
		AA4465647D08C1ABB73719AC /* Build configuration list for PBXNativeTarget "DeviceActivityMonitorExtension" */ = {
			isa = XCConfigurationList;
			buildConfigurations = (
				4BFDF3D433F9713C9B65CB7E /* Release */,
				B3BA059B2092434687942CE3 /* Debug */,
			);
			defaultConfigurationIsVisible = 0;
			defaultConfigurationName = Release;
		};
		FE6493CA3F95C05849E15734 /* Build configuration list for PBXNativeTarget "ShieldActionExtension" */ = {
			isa = XCConfigurationList;
			buildConfigurations = (
				EB24C04F31FDC6890514CDB2 /* Release */,
				6C8972B773352BA7F809EED3 /* Debug */,
			);
			defaultConfigurationIsVisible = 0;
			defaultConfigurationName = Release;
		};
/* End XCConfigurationList section */
	};
	rootObject = 83CBB9F71A601CBA00E9B192 /* Project object */;
}
